
Microsoft Visual Studio Solution File, Format Version 12.00
# Visual Studio Version 16
VisualStudioVersion = 16.0.31112.23
MinimumVisualStudioVersion = 10.0.40219.1
Project("{9A19103F-16F7-4668-BE54-9A1E7A4F7556}") = "JF.NET.SqliteSerializer", "JF.NET.SqliteSerializer\JF.NET.SqliteSerializer.csproj", "{C57F3463-2E82-42C0-8A37-2D42D63F40B1}"
EndProject
Project("{FAE04EC0-301F-11D3-BF4B-00C04F79EFBC}") = "Example", "Example\Example.csproj", "{A5D24D89-AF92-4D8F-A07C-5F0E1C8983B4}"
EndProject
Global
	GlobalSection(SolutionConfigurationPlatforms) = preSolution
		Debug|Any CPU = Debug|Any CPU
		Release|Any CPU = Release|Any CPU
	EndGlobalSection
	GlobalSection(ProjectConfigurationPlatforms) = postSolution
		{C57F3463-2E82-42C0-8A37-2D42D63F40B1}.Debug|Any CPU.ActiveCfg = Debug|Any CPU
		{C57F3463-2E82-42C0-8A37-2D42D63F40B1}.Debug|Any CPU.Build.0 = Debug|Any CPU
		{C57F3463-2E82-42C0-8A37-2D42D63F40B1}.Release|Any CPU.ActiveCfg = Release|Any CPU
		{C57F3463-2E82-42C0-8A37-2D42D63F40B1}.Release|Any CPU.Build.0 = Release|Any CPU
		{A5D24D89-AF92-4D8F-A07C-5F0E1C8983B4}.Debug|Any CPU.ActiveCfg = Debug|Any CPU
		{A5D24D89-AF92-4D8F-A07C-5F0E1C8983B4}.Debug|Any CPU.Build.0 = Debug|Any CPU
		{A5D24D89-AF92-4D8F-A07C-5F0E1C8983B4}.Release|Any CPU.ActiveCfg = Release|Any CPU
		{A5D24D89-AF92-4D8F-A07C-5F0E1C8983B4}.Release|Any CPU.Build.0 = Release|Any CPU
	EndGlobalSection
	GlobalSection(SolutionProperties) = preSolution
		HideSolutionNode = FALSE
	EndGlobalSection
	GlobalSection(ExtensibilityGlobals) = postSolution
		SolutionGuid = {8535EA30-F8F1-41F8-BEE0-71527E5CCDFE}
	EndGlobalSection
EndGlobal
