
Microsoft Visual Studio Solution File, Format Version 12.00
# Visual Studio Version 16
VisualStudioVersion = 16.0.31112.23
MinimumVisualStudioVersion = 10.0.40219.1
Project("{9A19103F-16F7-4668-BE54-9A1E7A4F7556}") = "JF.Persistence", "JF.Persistence.csproj", "{1F7C1DA6-C5AD-49EF-B98F-66172B31259E}"
EndProject
Global
	GlobalSection(SolutionConfigurationPlatforms) = preSolution
		Debug|Any CPU = Debug|Any CPU
		Release|Any CPU = Release|Any CPU
	EndGlobalSection
	GlobalSection(ProjectConfigurationPlatforms) = postSolution
		{1F7C1DA6-C5AD-49EF-B98F-66172B31259E}.Debug|Any CPU.ActiveCfg = Debug|Any CPU
		{1F7C1DA6-C5AD-49EF-B98F-66172B31259E}.Debug|Any CPU.Build.0 = Debug|Any CPU
		{1F7C1DA6-C5AD-49EF-B98F-66172B31259E}.Release|Any CPU.ActiveCfg = Release|Any CPU
		{1F7C1DA6-C5AD-49EF-B98F-66172B31259E}.Release|Any CPU.Build.0 = Release|Any CPU
	EndGlobalSection
	GlobalSection(SolutionProperties) = preSolution
		HideSolutionNode = FALSE
	EndGlobalSection
	GlobalSection(ExtensibilityGlobals) = postSolution
		SolutionGuid = {8535EA30-F8F1-41F8-BEE0-71527E5CCDFE}
	EndGlobalSection
EndGlobal
